
Microsoft Visual Studio Solution File, Format Version 12.00
# Visual Studio Version 17
VisualStudioVersion = 17.6.33815.320
MinimumVisualStudioVersion = 10.0.40219.1
Project("{FAE04EC0-301F-11D3-BF4B-00C04F79EFBC}") = "Esercizio_Supermercato", "Esercizio_Supermercato\Esercizio_Supermercato.csproj", "{62B62887-F1DA-458B-9B86-A74E6033A24D}"
EndProject
Global
	GlobalSection(SolutionConfigurationPlatforms) = preSolution
		Debug|Any CPU = Debug|Any CPU
		Release|Any CPU = Release|Any CPU
	EndGlobalSection
	GlobalSection(ProjectConfigurationPlatforms) = postSolution
		{62B62887-F1DA-458B-9B86-A74E6033A24D}.Debug|Any CPU.ActiveCfg = Debug|Any CPU
		{62B62887-F1DA-458B-9B86-A74E6033A24D}.Debug|Any CPU.Build.0 = Debug|Any CPU
		{62B62887-F1DA-458B-9B86-A74E6033A24D}.Release|Any CPU.ActiveCfg = Release|Any CPU
		{62B62887-F1DA-458B-9B86-A74E6033A24D}.Release|Any CPU.Build.0 = Release|Any CPU
	EndGlobalSection
	GlobalSection(SolutionProperties) = preSolution
		HideSolutionNode = FALSE
	EndGlobalSection
	GlobalSection(ExtensibilityGlobals) = postSolution
		SolutionGuid = {1269D250-EC62-4296-9BB6-59A19E5E5EEE}
	EndGlobalSection
EndGlobal
